
Microsoft Visual Studio Solution File, Format Version 12.00
# Visual Studio Version 16
VisualStudioVersion = 16.0.30804.86
MinimumVisualStudioVersion = 10.0.40219.1
Project("{FAE04EC0-301F-11D3-BF4B-00C04F79EFBC}") = "Robot", "Robot\Robot.csproj", "{A2327114-52D3-4E37-B804-2782EEB349EC}"
EndProject
Global
	GlobalSection(SolutionConfigurationPlatforms) = preSolution
		Debug|Any CPU = Debug|Any CPU
		Release|Any CPU = Release|Any CPU
	EndGlobalSection
	GlobalSection(ProjectConfigurationPlatforms) = postSolution
		{A2327114-52D3-4E37-B804-2782EEB349EC}.Debug|Any CPU.ActiveCfg = Debug|Any CPU
		{A2327114-52D3-4E37-B804-2782EEB349EC}.Debug|Any CPU.Build.0 = Debug|Any CPU
		{A2327114-52D3-4E37-B804-2782EEB349EC}.Release|Any CPU.ActiveCfg = Release|Any CPU
		{A2327114-52D3-4E37-B804-2782EEB349EC}.Release|Any CPU.Build.0 = Release|Any CPU
	EndGlobalSection
	GlobalSection(SolutionProperties) = preSolution
		HideSolutionNode = FALSE
	EndGlobalSection
	GlobalSection(ExtensibilityGlobals) = postSolution
		SolutionGuid = {07B163EE-86FA-4D3D-BDB5-7FD34C6002F2}
	EndGlobalSection
EndGlobal
